{
  "name": "@snowlepoard520/package",
  "version": "1.2.10",
  "lockfileVersion": 2,
  "requires": true,
  "packages": {
    "": {
      "name": "@snowlepoard520/package",
      "version": "1.2.10",
      "license": "ISC",
      "dependencies": {
        "@snowlepoard520/utils": "file:../../utils/utils"
      }
    },
    "../../utils/utils": {
      "version": "1.2.9",
      "license": "ISC",
      "dependencies": {
        "imooc-cli": "^3.0.0"
      }
    },
    "node_modules/@snowlepoard520/utils": {
      "resolved": "../../utils/utils",
      "link": true
    }
  },
  "dependencies": {
    "@snowlepoard520/utils": {
      "version": "file:../../utils/utils",
      "requires": {
        "imooc-cli": "^3.0.0"
      }
    }
  }
}
