{
  "name": "@snowlepoard520/init",
  "version": "1.3.1",
  "lockfileVersion": 2,
  "requires": true,
  "packages": {
    "": {
      "name": "@snowlepoard520/init",
      "version": "1.2.12",
      "license": "ISC",
      "dependencies": {
        "@snowlepoard520/command": "file:../../models/command",
        "@snowlepoard520/log": "file:../../utils/log"
      }
    },
    "../../models/command": {
      "version": "1.2.12",
      "license": "ISC"
    },
    "../../models/commands": {
      "extraneous": true
    },
    "../../utils/log": {
      "name": "@snowlepoard520/log",
      "version": "1.2.11",
      "license": "ISC",
      "dependencies": {
        "npmlog": "^7.0.1"
      }
    },
    "node_modules/@snowlepoard520/command": {
      "resolved": "../../models/command",
      "link": true
    },
    "node_modules/@snowlepoard520/log": {
      "resolved": "../../utils/log",
      "link": true
    }
  },
  "dependencies": {
    "@snowlepoard520/command": {
      "version": "file:../../models/command"
    },
    "@snowlepoard520/log": {
      "version": "file:../../utils/log",
      "requires": {
        "npmlog": "^7.0.1"
      }
    }
  }
}
