{
  "name": "@snowlepoard520/init",
  "version": "1.0.0",
  "lockfileVersion": 2,
  "requires": true,
  "packages": {
    "": {
      "name": "@snowlepoard520/init",
      "version": "1.0.0",
      "license": "ISC",
      "dependencies": {
        "@snowlepoard520/log": "file:../../utils/log"
      }
    },
    "../../utils/log": {
      "version": "1.2.6",
      "license": "ISC",
      "dependencies": {
        "npmlog": "^7.0.1"
      }
    },
    "node_modules/@snowlepoard520/log": {
      "resolved": "../../utils/log",
      "link": true
    }
  },
  "dependencies": {
    "@snowlepoard520/log": {
      "version": "file:../../utils/log",
      "requires": {
        "npmlog": "^7.0.1"
      }
    }
  }
}
