{
  "name": "@snowlepoard520/core",
  "version": "1.2.11",
  "lockfileVersion": 2,
  "requires": true,
  "packages": {
    "": {
      "name": "@snowlepoard520/core",
      "version": "1.2.10",
      "license": "ISC",
      "dependencies": {
        "@snowlepoard520/exec": "file:../exec",
        "@snowlepoard520/get-npm-info": "file:../../utils/get-npm-info",
        "@snowlepoard520/init": "file:../../commands/init",
        "@snowlepoard520/log": "file:../../utils/log",
        "@snowlepoard520/utils": "file:../../utils/utils",
        "color": "^4.2.3",
        "colors": "^1.4.0",
        "commander": "^6.2.1",
        "dotenv": "^16.0.3",
        "minimist": "^1.2.7",
        "path-exists": "^4.0.0",
        "root-check": "^1.0.0",
        "semver": "^7.3.8",
        "user-home": "^3.0.0"
      },
      "bin": {
        "snow-cli": "bin/index.js"
      },
      "devDependencies": {
        "import-local": "^3.1.0",
        "url-join": "^5.0.0"
      }
    },
    "../../commands/init": {
      "name": "@snowlepoard520/init",
      "version": "1.0.0",
      "license": "ISC",
      "dependencies": {
        "@snowlepoard520/log": "file:../../utils/log"
      }
    },
    "../../exec": {
      "extraneous": true
    },
    "../../utils/get-npm-info": {
      "version": "1.2.3",
      "license": "ISC",
      "dependencies": {
        "axios": "^1.1.3",
        "semver": "^7.3.8",
        "url-join": "^4.0.1"
      }
    },
    "../../utils/get-npm-info/node_modules/asynckit": {
      "version": "0.4.0",
      "license": "MIT"
    },
    "../../utils/get-npm-info/node_modules/axios": {
      "version": "1.1.3",
      "license": "MIT",
      "dependencies": {
        "follow-redirects": "^1.15.0",
        "form-data": "^4.0.0",
        "proxy-from-env": "^1.1.0"
      }
    },
    "../../utils/get-npm-info/node_modules/combined-stream": {
      "version": "1.0.8",
      "license": "MIT",
      "dependencies": {
        "delayed-stream": "~1.0.0"
      },
      "engines": {
        "node": ">= 0.8"
      }
    },
    "../../utils/get-npm-info/node_modules/delayed-stream": {
      "version": "1.0.0",
      "license": "MIT",
      "engines": {
        "node": ">=0.4.0"
      }
    },
    "../../utils/get-npm-info/node_modules/follow-redirects": {
      "version": "1.15.2",
      "funding": [
        {
          "type": "individual",
          "url": "https://github.com/sponsors/RubenVerborgh"
        }
      ],
      "license": "MIT",
      "engines": {
        "node": ">=4.0"
      },
      "peerDependenciesMeta": {
        "debug": {
          "optional": true
        }
      }
    },
    "../../utils/get-npm-info/node_modules/form-data": {
      "version": "4.0.0",
      "license": "MIT",
      "dependencies": {
        "asynckit": "^0.4.0",
        "combined-stream": "^1.0.8",
        "mime-types": "^2.1.12"
      },
      "engines": {
        "node": ">= 6"
      }
    },
    "../../utils/get-npm-info/node_modules/lru-cache": {
      "version": "6.0.0",
      "license": "ISC",
      "dependencies": {
        "yallist": "^4.0.0"
      },
      "engines": {
        "node": ">=10"
      }
    },
    "../../utils/get-npm-info/node_modules/mime-db": {
      "version": "1.52.0",
      "license": "MIT",
      "engines": {
        "node": ">= 0.6"
      }
    },
    "../../utils/get-npm-info/node_modules/mime-types": {
      "version": "2.1.35",
      "license": "MIT",
      "dependencies": {
        "mime-db": "1.52.0"
      },
      "engines": {
        "node": ">= 0.6"
      }
    },
    "../../utils/get-npm-info/node_modules/proxy-from-env": {
      "version": "1.1.0",
      "license": "MIT"
    },
    "../../utils/get-npm-info/node_modules/semver": {
      "version": "7.3.8",
      "license": "ISC",
      "dependencies": {
        "lru-cache": "^6.0.0"
      },
      "bin": {
        "semver": "bin/semver.js"
      },
      "engines": {
        "node": ">=10"
      }
    },
    "../../utils/get-npm-info/node_modules/url-join": {
      "version": "4.0.1",
      "license": "MIT"
    },
    "../../utils/get-npm-info/node_modules/yallist": {
      "version": "4.0.0",
      "license": "ISC"
    },
    "../../utils/log": {
      "name": "@snowlepoard520/log",
      "version": "1.2.6",
      "license": "ISC",
      "dependencies": {
        "npmlog": "^7.0.1"
      }
    },
    "../../utils/utils": {
      "name": "@snowlepoard520/utils",
      "version": "1.2.9",
      "license": "ISC",
      "dependencies": {
        "imooc-cli": "^3.0.0"
      }
    },
    "../exec": {
      "name": "@snowlepoard520/exec",
      "version": "1.2.10",
      "license": "ISC",
      "dependencies": {
        "@snowlepoard520/log": "file:../../utils/log",
        "@snowlepoard520/package": "file:../../models/package"
      }
    },
    "node_modules/@snowlepoard520/exec": {
      "resolved": "../exec",
      "link": true
    },
    "node_modules/@snowlepoard520/get-npm-info": {
      "resolved": "../../utils/get-npm-info",
      "link": true
    },
    "node_modules/@snowlepoard520/init": {
      "resolved": "../../commands/init",
      "link": true
    },
    "node_modules/@snowlepoard520/log": {
      "resolved": "../../utils/log",
      "link": true
    },
    "node_modules/@snowlepoard520/utils": {
      "resolved": "../../utils/utils",
      "link": true
    },
    "node_modules/ansi-regex": {
      "version": "2.1.1",
      "license": "MIT",
      "engines": {
        "node": ">=0.10.0"
      }
    },
    "node_modules/ansi-styles": {
      "version": "2.2.1",
      "license": "MIT",
      "engines": {
        "node": ">=0.10.0"
      }
    },
    "node_modules/chalk": {
      "version": "1.1.3",
      "license": "MIT",
      "dependencies": {
        "ansi-styles": "^2.2.1",
        "escape-string-regexp": "^1.0.2",
        "has-ansi": "^2.0.0",
        "strip-ansi": "^3.0.0",
        "supports-color": "^2.0.0"
      },
      "engines": {
        "node": ">=0.10.0"
      }
    },
    "node_modules/color": {
      "version": "4.2.3",
      "license": "MIT",
      "dependencies": {
        "color-convert": "^2.0.1",
        "color-string": "^1.9.0"
      },
      "engines": {
        "node": ">=12.5.0"
      }
    },
    "node_modules/color-convert": {
      "version": "2.0.1",
      "license": "MIT",
      "dependencies": {
        "color-name": "~1.1.4"
      },
      "engines": {
        "node": ">=7.0.0"
      }
    },
    "node_modules/color-name": {
      "version": "1.1.4",
      "license": "MIT"
    },
    "node_modules/color-string": {
      "version": "1.9.1",
      "license": "MIT",
      "dependencies": {
        "color-name": "^1.0.0",
        "simple-swizzle": "^0.2.2"
      }
    },
    "node_modules/colors": {
      "version": "1.4.0",
      "resolved": "https://registry.npmmirror.com/colors/-/colors-1.4.0.tgz",
      "integrity": "sha512-a+UqTh4kgZg/SlGvfbzDHpgRu7AAQOmmqRHJnxhRZICKFUT91brVhNNt58CMWU9PsBbv3PDCZUHbVxuDiH2mtA==",
      "engines": {
        "node": ">=0.1.90"
      }
    },
    "node_modules/commander": {
      "version": "6.2.1",
      "resolved": "https://registry.npmmirror.com/commander/-/commander-6.2.1.tgz",
      "integrity": "sha512-U7VdrJFnJgo4xjrHpTzu0yrHPGImdsmD95ZlgYSEajAn2JKzDhDTPG9kBTefmObL2w/ngeZnilk+OV9CG3d7UA==",
      "engines": {
        "node": ">= 6"
      }
    },
    "node_modules/default-uid": {
      "version": "1.0.0",
      "license": "MIT",
      "engines": {
        "node": ">=0.10.0"
      }
    },
    "node_modules/dotenv": {
      "version": "16.0.3",
      "license": "BSD-2-Clause",
      "engines": {
        "node": ">=12"
      }
    },
    "node_modules/downgrade-root": {
      "version": "1.2.2",
      "license": "MIT",
      "dependencies": {
        "default-uid": "^1.0.0",
        "is-root": "^1.0.0"
      },
      "engines": {
        "node": ">=0.10.0"
      }
    },
    "node_modules/escape-string-regexp": {
      "version": "1.0.5",
      "license": "MIT",
      "engines": {
        "node": ">=0.8.0"
      }
    },
    "node_modules/find-up": {
      "version": "4.1.0",
      "dev": true,
      "license": "MIT",
      "dependencies": {
        "locate-path": "^5.0.0",
        "path-exists": "^4.0.0"
      },
      "engines": {
        "node": ">=8"
      }
    },
    "node_modules/has-ansi": {
      "version": "2.0.0",
      "license": "MIT",
      "dependencies": {
        "ansi-regex": "^2.0.0"
      },
      "engines": {
        "node": ">=0.10.0"
      }
    },
    "node_modules/import-local": {
      "version": "3.1.0",
      "dev": true,
      "license": "MIT",
      "dependencies": {
        "pkg-dir": "^4.2.0",
        "resolve-cwd": "^3.0.0"
      },
      "bin": {
        "import-local-fixture": "fixtures/cli.js"
      },
      "engines": {
        "node": ">=8"
      },
      "funding": {
        "url": "https://github.com/sponsors/sindresorhus"
      }
    },
    "node_modules/is-arrayish": {
      "version": "0.3.2",
      "license": "MIT"
    },
    "node_modules/is-docker": {
      "version": "1.1.0",
      "license": "MIT",
      "engines": {
        "node": ">=0.10.0"
      }
    },
    "node_modules/is-root": {
      "version": "1.0.0",
      "license": "MIT",
      "engines": {
        "node": ">=0.10.0"
      }
    },
    "node_modules/locate-path": {
      "version": "5.0.0",
      "dev": true,
      "license": "MIT",
      "dependencies": {
        "p-locate": "^4.1.0"
      },
      "engines": {
        "node": ">=8"
      }
    },
    "node_modules/lru-cache": {
      "version": "6.0.0",
      "license": "ISC",
      "dependencies": {
        "yallist": "^4.0.0"
      },
      "engines": {
        "node": ">=10"
      }
    },
    "node_modules/minimist": {
      "version": "1.2.7",
      "license": "MIT",
      "funding": {
        "url": "https://github.com/sponsors/ljharb"
      }
    },
    "node_modules/os-homedir": {
      "version": "1.0.2",
      "license": "MIT",
      "engines": {
        "node": ">=0.10.0"
      }
    },
    "node_modules/p-limit": {
      "version": "2.3.0",
      "dev": true,
      "license": "MIT",
      "dependencies": {
        "p-try": "^2.0.0"
      },
      "engines": {
        "node": ">=6"
      },
      "funding": {
        "url": "https://github.com/sponsors/sindresorhus"
      }
    },
    "node_modules/p-locate": {
      "version": "4.1.0",
      "dev": true,
      "license": "MIT",
      "dependencies": {
        "p-limit": "^2.2.0"
      },
      "engines": {
        "node": ">=8"
      }
    },
    "node_modules/p-try": {
      "version": "2.2.0",
      "dev": true,
      "license": "MIT",
      "engines": {
        "node": ">=6"
      }
    },
    "node_modules/path-exists": {
      "version": "4.0.0",
      "license": "MIT",
      "engines": {
        "node": ">=8"
      }
    },
    "node_modules/pkg-dir": {
      "version": "4.2.0",
      "dev": true,
      "license": "MIT",
      "dependencies": {
        "find-up": "^4.0.0"
      },
      "engines": {
        "node": ">=8"
      }
    },
    "node_modules/resolve-cwd": {
      "version": "3.0.0",
      "dev": true,
      "license": "MIT",
      "dependencies": {
        "resolve-from": "^5.0.0"
      },
      "engines": {
        "node": ">=8"
      }
    },
    "node_modules/resolve-from": {
      "version": "5.0.0",
      "dev": true,
      "license": "MIT",
      "engines": {
        "node": ">=8"
      }
    },
    "node_modules/root-check": {
      "version": "1.0.0",
      "license": "MIT",
      "dependencies": {
        "downgrade-root": "^1.0.0",
        "sudo-block": "^1.1.0"
      },
      "engines": {
        "node": ">=0.10.0"
      }
    },
    "node_modules/semver": {
      "version": "7.3.8",
      "license": "ISC",
      "dependencies": {
        "lru-cache": "^6.0.0"
      },
      "bin": {
        "semver": "bin/semver.js"
      },
      "engines": {
        "node": ">=10"
      }
    },
    "node_modules/simple-swizzle": {
      "version": "0.2.2",
      "license": "MIT",
      "dependencies": {
        "is-arrayish": "^0.3.1"
      }
    },
    "node_modules/strip-ansi": {
      "version": "3.0.1",
      "license": "MIT",
      "dependencies": {
        "ansi-regex": "^2.0.0"
      },
      "engines": {
        "node": ">=0.10.0"
      }
    },
    "node_modules/sudo-block": {
      "version": "1.2.0",
      "license": "MIT",
      "dependencies": {
        "chalk": "^1.0.0",
        "is-docker": "^1.0.0",
        "is-root": "^1.0.0"
      },
      "engines": {
        "node": ">=0.10.0"
      }
    },
    "node_modules/supports-color": {
      "version": "2.0.0",
      "license": "MIT",
      "engines": {
        "node": ">=0.8.0"
      }
    },
    "node_modules/url-join": {
      "version": "5.0.0",
      "dev": true,
      "license": "MIT",
      "engines": {
        "node": "^12.20.0 || ^14.13.1 || >=16.0.0"
      }
    },
    "node_modules/user-home": {
      "version": "3.0.0",
      "license": "MIT",
      "dependencies": {
        "os-homedir": "^1.0.0"
      },
      "engines": {
        "node": ">=0.10.0"
      }
    },
    "node_modules/yallist": {
      "version": "4.0.0",
      "license": "ISC"
    }
  },
  "dependencies": {
    "@snowlepoard520/exec": {
      "version": "file:../exec",
      "requires": {
        "@snowlepoard520/log": "file:../../utils/log",
        "@snowlepoard520/package": "file:../../models/package"
      }
    },
    "@snowlepoard520/get-npm-info": {
      "version": "file:../../utils/get-npm-info",
      "requires": {
        "axios": "^1.1.3",
        "semver": "^7.3.8",
        "url-join": "^4.0.1"
      },
      "dependencies": {
        "asynckit": {
          "version": "0.4.0"
        },
        "axios": {
          "version": "1.1.3",
          "requires": {
            "follow-redirects": "^1.15.0",
            "form-data": "^4.0.0",
            "proxy-from-env": "^1.1.0"
          }
        },
        "combined-stream": {
          "version": "1.0.8",
          "requires": {
            "delayed-stream": "~1.0.0"
          }
        },
        "delayed-stream": {
          "version": "1.0.0"
        },
        "follow-redirects": {
          "version": "1.15.2"
        },
        "form-data": {
          "version": "4.0.0",
          "requires": {
            "asynckit": "^0.4.0",
            "combined-stream": "^1.0.8",
            "mime-types": "^2.1.12"
          }
        },
        "lru-cache": {
          "version": "6.0.0",
          "requires": {
            "yallist": "^4.0.0"
          }
        },
        "mime-db": {
          "version": "1.52.0"
        },
        "mime-types": {
          "version": "2.1.35",
          "requires": {
            "mime-db": "1.52.0"
          }
        },
        "proxy-from-env": {
          "version": "1.1.0"
        },
        "semver": {
          "version": "7.3.8",
          "requires": {
            "lru-cache": "^6.0.0"
          }
        },
        "url-join": {
          "version": "4.0.1"
        },
        "yallist": {
          "version": "4.0.0"
        }
      }
    },
    "@snowlepoard520/init": {
      "version": "file:../../commands/init",
      "requires": {
        "@snowlepoard520/log": "file:../../utils/log"
      }
    },
    "@snowlepoard520/log": {
      "version": "file:../../utils/log",
      "requires": {
        "npmlog": "^7.0.1"
      }
    },
    "@snowlepoard520/utils": {
      "version": "file:../../utils/utils",
      "requires": {
        "imooc-cli": "^3.0.0"
      }
    },
    "ansi-regex": {
      "version": "2.1.1"
    },
    "ansi-styles": {
      "version": "2.2.1"
    },
    "chalk": {
      "version": "1.1.3",
      "requires": {
        "ansi-styles": "^2.2.1",
        "escape-string-regexp": "^1.0.2",
        "has-ansi": "^2.0.0",
        "strip-ansi": "^3.0.0",
        "supports-color": "^2.0.0"
      }
    },
    "color": {
      "version": "4.2.3",
      "requires": {
        "color-convert": "^2.0.1",
        "color-string": "^1.9.0"
      }
    },
    "color-convert": {
      "version": "2.0.1",
      "requires": {
        "color-name": "~1.1.4"
      }
    },
    "color-name": {
      "version": "1.1.4"
    },
    "color-string": {
      "version": "1.9.1",
      "requires": {
        "color-name": "^1.0.0",
        "simple-swizzle": "^0.2.2"
      }
    },
    "colors": {
      "version": "1.4.0",
      "resolved": "https://registry.npmmirror.com/colors/-/colors-1.4.0.tgz",
      "integrity": "sha512-a+UqTh4kgZg/SlGvfbzDHpgRu7AAQOmmqRHJnxhRZICKFUT91brVhNNt58CMWU9PsBbv3PDCZUHbVxuDiH2mtA=="
    },
    "commander": {
      "version": "6.2.1",
      "resolved": "https://registry.npmmirror.com/commander/-/commander-6.2.1.tgz",
      "integrity": "sha512-U7VdrJFnJgo4xjrHpTzu0yrHPGImdsmD95ZlgYSEajAn2JKzDhDTPG9kBTefmObL2w/ngeZnilk+OV9CG3d7UA=="
    },
    "default-uid": {
      "version": "1.0.0"
    },
    "dotenv": {
      "version": "16.0.3"
    },
    "downgrade-root": {
      "version": "1.2.2",
      "requires": {
        "default-uid": "^1.0.0",
        "is-root": "^1.0.0"
      }
    },
    "escape-string-regexp": {
      "version": "1.0.5"
    },
    "find-up": {
      "version": "4.1.0",
      "dev": true,
      "requires": {
        "locate-path": "^5.0.0",
        "path-exists": "^4.0.0"
      }
    },
    "has-ansi": {
      "version": "2.0.0",
      "requires": {
        "ansi-regex": "^2.0.0"
      }
    },
    "import-local": {
      "version": "3.1.0",
      "dev": true,
      "requires": {
        "pkg-dir": "^4.2.0",
        "resolve-cwd": "^3.0.0"
      }
    },
    "is-arrayish": {
      "version": "0.3.2"
    },
    "is-docker": {
      "version": "1.1.0"
    },
    "is-root": {
      "version": "1.0.0"
    },
    "locate-path": {
      "version": "5.0.0",
      "dev": true,
      "requires": {
        "p-locate": "^4.1.0"
      }
    },
    "lru-cache": {
      "version": "6.0.0",
      "requires": {
        "yallist": "^4.0.0"
      }
    },
    "minimist": {
      "version": "1.2.7"
    },
    "os-homedir": {
      "version": "1.0.2"
    },
    "p-limit": {
      "version": "2.3.0",
      "dev": true,
      "requires": {
        "p-try": "^2.0.0"
      }
    },
    "p-locate": {
      "version": "4.1.0",
      "dev": true,
      "requires": {
        "p-limit": "^2.2.0"
      }
    },
    "p-try": {
      "version": "2.2.0",
      "dev": true
    },
    "path-exists": {
      "version": "4.0.0"
    },
    "pkg-dir": {
      "version": "4.2.0",
      "dev": true,
      "requires": {
        "find-up": "^4.0.0"
      }
    },
    "resolve-cwd": {
      "version": "3.0.0",
      "dev": true,
      "requires": {
        "resolve-from": "^5.0.0"
      }
    },
    "resolve-from": {
      "version": "5.0.0",
      "dev": true
    },
    "root-check": {
      "version": "1.0.0",
      "requires": {
        "downgrade-root": "^1.0.0",
        "sudo-block": "^1.1.0"
      }
    },
    "semver": {
      "version": "7.3.8",
      "requires": {
        "lru-cache": "^6.0.0"
      }
    },
    "simple-swizzle": {
      "version": "0.2.2",
      "requires": {
        "is-arrayish": "^0.3.1"
      }
    },
    "strip-ansi": {
      "version": "3.0.1",
      "requires": {
        "ansi-regex": "^2.0.0"
      }
    },
    "sudo-block": {
      "version": "1.2.0",
      "requires": {
        "chalk": "^1.0.0",
        "is-docker": "^1.0.0",
        "is-root": "^1.0.0"
      }
    },
    "supports-color": {
      "version": "2.0.0"
    },
    "url-join": {
      "version": "5.0.0",
      "dev": true
    },
    "user-home": {
      "version": "3.0.0",
      "requires": {
        "os-homedir": "^1.0.0"
      }
    },
    "yallist": {
      "version": "4.0.0"
    }
  }
}
