{
  "name": "@snowlepoard520/core",
  "version": "1.1.0",
  "lockfileVersion": 2,
  "requires": true,
  "packages": {
    "": {
      "name": "@snowlepoard520/core",
      "version": "1.1.0",
      "license": "ISC",
      "dependencies": {
        "@snowlepoard520/utils": "file: ../utils"
      }
    },
    " ../utils": {},
    "node_modules/@snowlepoard520/utils": {
      "resolved": " ../utils",
      "link": true
    }
  },
  "dependencies": {
    "@snowlepoard520/utils": {
      "version": "file: ../utils"
    }
  }
}
