{
  "name": "@snowlepoard520/exec",
  "version": "1.2.11",
  "lockfileVersion": 2,
  "requires": true,
  "packages": {
    "": {
      "name": "@snowlepoard520/exec",
      "version": "1.2.10",
      "license": "ISC",
      "dependencies": {
        "@snowlepoard520/log": "file:../../utils/log",
        "@snowlepoard520/package": "file:../../models/package"
      }
    },
    "../../models/package": {
      "name": "@snowlepoard520/package",
      "version": "1.2.10",
      "license": "ISC",
      "dependencies": {
        "@snowlepoard520/utils": "file:../../utils/utils"
      }
    },
    "../../utils/log": {
      "name": "@snowlepoard520/log",
      "version": "1.2.6",
      "license": "ISC",
      "dependencies": {
        "npmlog": "^7.0.1"
      }
    },
    "../models/package": {
      "extraneous": true
    },
    "node_modules/@snowlepoard520/log": {
      "resolved": "../../utils/log",
      "link": true
    },
    "node_modules/@snowlepoard520/package": {
      "resolved": "../../models/package",
      "link": true
    }
  },
  "dependencies": {
    "@snowlepoard520/log": {
      "version": "file:../../utils/log",
      "requires": {
        "npmlog": "^7.0.1"
      }
    },
    "@snowlepoard520/package": {
      "version": "file:../../models/package",
      "requires": {
        "@snowlepoard520/utils": "file:../../utils/utils"
      }
    }
  }
}
