{
  "name": "@snowlepoard520/exec",
  "version": "1.2.10",
  "lockfileVersion": 2,
  "requires": true,
  "packages": {
    "": {
      "name": "@snowlepoard520/exec",
      "version": "1.2.10",
      "license": "ISC",
      "dependencies": {
        "@snowlepoard520/package": "file:../../models/package"
      }
    },
    "../../models/package": {
      "version": "1.2.10",
      "license": "ISC"
    },
    "../models/package": {
      "extraneous": true
    },
    "node_modules/@snowlepoard520/package": {
      "resolved": "../../models/package",
      "link": true
    }
  },
  "dependencies": {
    "@snowlepoard520/package": {
      "version": "file:../../models/package"
    }
  }
}
